
Microsoft Visual Studio Solution File, Format Version 12.00
# Visual Studio Version 16
VisualStudioVersion = 16.0.28714.193
MinimumVisualStudioVersion = 10.0.40219.1
Project("{FAE04EC0-301F-11D3-BF4B-00C04F79EFBC}") = "Tortuga.AndroidPlatform", "Tortuga.AndroidPlatform\Tortuga.AndroidPlatform.csproj", "{2653FEFC-BE69-466C-AEE0-E487AAEC4A04}"
EndProject
Project("{9A19103F-16F7-4668-BE54-9A1E7A4F7556}") = "Tortuga", "Tortuga\Tortuga.csproj", "{E917EBC6-25E8-492C-8397-2C95FEEC7515}"
EndProject
Project("{9A19103F-16F7-4668-BE54-9A1E7A4F7556}") = "Tortuga.DesktopPlatform", "Tortuga.DesktopPlatform\Tortuga.DesktopPlatform.csproj", "{149CDBAC-6EEB-41F4-A17F-0DFDB3244425}"
EndProject
Project("{FAE04EC0-301F-11D3-BF4B-00C04F79EFBC}") = "TortugaAndroidDemo", "TortugaAndroidDemo\TortugaAndroidDemo.csproj", "{F2757B22-48AC-420D-BBBB-61F7BE3A6B2D}"
EndProject
Project("{9A19103F-16F7-4668-BE54-9A1E7A4F7556}") = "TortugaDemo", "TortugaDemo\TortugaDemo.csproj", "{B511F26E-0019-44AB-BBA9-32E50772794E}"
EndProject
Project("{2150E333-8FDC-42A3-9474-1A3956D46DE8}") = "Framework", "Framework", "{D1074A30-DCB5-4B11-B686-07E01FD64340}"
EndProject
Project("{2150E333-8FDC-42A3-9474-1A3956D46DE8}") = "Demo", "Demo", "{710D6E14-BBCB-454D-948F-425F4B408D01}"
EndProject
Project("{2150E333-8FDC-42A3-9474-1A3956D46DE8}") = "Extensions", "Extensions", "{469712AC-7572-4ED0-9282-BED13EE44E1F}"
EndProject
Project("{2150E333-8FDC-42A3-9474-1A3956D46DE8}") = "FlyingTortuga", "FlyingTortuga", "{1C9A5AE0-E5D1-4CBA-8466-A2C5D4B9740D}"
EndProject
Project("{9A19103F-16F7-4668-BE54-9A1E7A4F7556}") = "FlyingTortuga.DesktopApp", "FlyingTortuga.DesktopApp\FlyingTortuga.DesktopApp.csproj", "{1F3CE01B-CCA5-4436-AEEA-E3015861D9F2}"
EndProject
Project("{9A19103F-16F7-4668-BE54-9A1E7A4F7556}") = "FlyingTortuga.Game", "FlyingTortuga.Game\FlyingTortuga.Game.csproj", "{DE37F631-20FC-4D15-A3D3-117599A9C4F3}"
EndProject
Project("{FAE04EC0-301F-11D3-BF4B-00C04F79EFBC}") = "FlyingTortuga.AndroidApp", "FlyingTortuga.AndroidApp\FlyingTortuga.AndroidApp.csproj", "{85E93872-E0ED-4C7A-8414-049CDDF99C9B}"
EndProject
Project("{9A19103F-16F7-4668-BE54-9A1E7A4F7556}") = "Tortuga.Tilemaps", "Tortuga.Tilemaps\Tortuga.Tilemaps.csproj", "{8CAC73D1-FEBF-4C04-B16C-B6290C720365}"
EndProject
Project("{9A19103F-16F7-4668-BE54-9A1E7A4F7556}") = "Tortoise", "Tortoise\Tortoise.csproj", "{EB35A78B-999D-4FD6-9310-9E1A7311DFD1}"
EndProject
Project("{9A19103F-16F7-4668-BE54-9A1E7A4F7556}") = "SimultaneousCore", "SimultaneousCore\SimultaneousCore.csproj", "{3F30CDB1-E054-4806-BC74-D989E16AFBA2}"
EndProject
Project("{9A19103F-16F7-4668-BE54-9A1E7A4F7556}") = "SimultaneousLiteNetLib", "SimultaneousLiteNetLib\SimultaneousLiteNetLib.csproj", "{0D5DEF5C-9EE4-4A5C-8058-43828339B075}"
EndProject
Project("{2150E333-8FDC-42A3-9474-1A3956D46DE8}") = "Simultaneous", "Simultaneous", "{872A7537-5663-4C0A-9189-67331E0F72DD}"
EndProject
Global
	GlobalSection(SolutionConfigurationPlatforms) = preSolution
		Debug|Any CPU = Debug|Any CPU
		Release|Any CPU = Release|Any CPU
	EndGlobalSection
	GlobalSection(ProjectConfigurationPlatforms) = postSolution
		{2653FEFC-BE69-466C-AEE0-E487AAEC4A04}.Debug|Any CPU.ActiveCfg = Debug|Any CPU
		{2653FEFC-BE69-466C-AEE0-E487AAEC4A04}.Debug|Any CPU.Build.0 = Debug|Any CPU
		{2653FEFC-BE69-466C-AEE0-E487AAEC4A04}.Release|Any CPU.ActiveCfg = Release|Any CPU
		{2653FEFC-BE69-466C-AEE0-E487AAEC4A04}.Release|Any CPU.Build.0 = Release|Any CPU
		{E917EBC6-25E8-492C-8397-2C95FEEC7515}.Debug|Any CPU.ActiveCfg = Debug|Any CPU
		{E917EBC6-25E8-492C-8397-2C95FEEC7515}.Debug|Any CPU.Build.0 = Debug|Any CPU
		{E917EBC6-25E8-492C-8397-2C95FEEC7515}.Release|Any CPU.ActiveCfg = Release|Any CPU
		{E917EBC6-25E8-492C-8397-2C95FEEC7515}.Release|Any CPU.Build.0 = Release|Any CPU
		{149CDBAC-6EEB-41F4-A17F-0DFDB3244425}.Debug|Any CPU.ActiveCfg = Debug|Any CPU
		{149CDBAC-6EEB-41F4-A17F-0DFDB3244425}.Debug|Any CPU.Build.0 = Debug|Any CPU
		{149CDBAC-6EEB-41F4-A17F-0DFDB3244425}.Release|Any CPU.ActiveCfg = Release|Any CPU
		{149CDBAC-6EEB-41F4-A17F-0DFDB3244425}.Release|Any CPU.Build.0 = Release|Any CPU
		{F2757B22-48AC-420D-BBBB-61F7BE3A6B2D}.Debug|Any CPU.ActiveCfg = Debug|Any CPU
		{F2757B22-48AC-420D-BBBB-61F7BE3A6B2D}.Debug|Any CPU.Build.0 = Debug|Any CPU
		{F2757B22-48AC-420D-BBBB-61F7BE3A6B2D}.Debug|Any CPU.Deploy.0 = Debug|Any CPU
		{F2757B22-48AC-420D-BBBB-61F7BE3A6B2D}.Release|Any CPU.ActiveCfg = Release|Any CPU
		{F2757B22-48AC-420D-BBBB-61F7BE3A6B2D}.Release|Any CPU.Build.0 = Release|Any CPU
		{F2757B22-48AC-420D-BBBB-61F7BE3A6B2D}.Release|Any CPU.Deploy.0 = Release|Any CPU
		{B511F26E-0019-44AB-BBA9-32E50772794E}.Debug|Any CPU.ActiveCfg = Debug|Any CPU
		{B511F26E-0019-44AB-BBA9-32E50772794E}.Debug|Any CPU.Build.0 = Debug|Any CPU
		{B511F26E-0019-44AB-BBA9-32E50772794E}.Release|Any CPU.ActiveCfg = Release|Any CPU
		{B511F26E-0019-44AB-BBA9-32E50772794E}.Release|Any CPU.Build.0 = Release|Any CPU
		{1F3CE01B-CCA5-4436-AEEA-E3015861D9F2}.Debug|Any CPU.ActiveCfg = Debug|Any CPU
		{1F3CE01B-CCA5-4436-AEEA-E3015861D9F2}.Debug|Any CPU.Build.0 = Debug|Any CPU
		{1F3CE01B-CCA5-4436-AEEA-E3015861D9F2}.Release|Any CPU.ActiveCfg = Release|Any CPU
		{1F3CE01B-CCA5-4436-AEEA-E3015861D9F2}.Release|Any CPU.Build.0 = Release|Any CPU
		{DE37F631-20FC-4D15-A3D3-117599A9C4F3}.Debug|Any CPU.ActiveCfg = Debug|Any CPU
		{DE37F631-20FC-4D15-A3D3-117599A9C4F3}.Debug|Any CPU.Build.0 = Debug|Any CPU
		{DE37F631-20FC-4D15-A3D3-117599A9C4F3}.Release|Any CPU.ActiveCfg = Release|Any CPU
		{DE37F631-20FC-4D15-A3D3-117599A9C4F3}.Release|Any CPU.Build.0 = Release|Any CPU
		{85E93872-E0ED-4C7A-8414-049CDDF99C9B}.Debug|Any CPU.ActiveCfg = Debug|Any CPU
		{85E93872-E0ED-4C7A-8414-049CDDF99C9B}.Debug|Any CPU.Build.0 = Debug|Any CPU
		{85E93872-E0ED-4C7A-8414-049CDDF99C9B}.Debug|Any CPU.Deploy.0 = Debug|Any CPU
		{85E93872-E0ED-4C7A-8414-049CDDF99C9B}.Release|Any CPU.ActiveCfg = Release|Any CPU
		{85E93872-E0ED-4C7A-8414-049CDDF99C9B}.Release|Any CPU.Build.0 = Release|Any CPU
		{85E93872-E0ED-4C7A-8414-049CDDF99C9B}.Release|Any CPU.Deploy.0 = Release|Any CPU
		{8CAC73D1-FEBF-4C04-B16C-B6290C720365}.Debug|Any CPU.ActiveCfg = Debug|Any CPU
		{8CAC73D1-FEBF-4C04-B16C-B6290C720365}.Debug|Any CPU.Build.0 = Debug|Any CPU
		{8CAC73D1-FEBF-4C04-B16C-B6290C720365}.Release|Any CPU.ActiveCfg = Release|Any CPU
		{8CAC73D1-FEBF-4C04-B16C-B6290C720365}.Release|Any CPU.Build.0 = Release|Any CPU
		{EB35A78B-999D-4FD6-9310-9E1A7311DFD1}.Debug|Any CPU.ActiveCfg = Debug|Any CPU
		{EB35A78B-999D-4FD6-9310-9E1A7311DFD1}.Debug|Any CPU.Build.0 = Debug|Any CPU
		{EB35A78B-999D-4FD6-9310-9E1A7311DFD1}.Release|Any CPU.ActiveCfg = Release|Any CPU
		{EB35A78B-999D-4FD6-9310-9E1A7311DFD1}.Release|Any CPU.Build.0 = Release|Any CPU
		{3F30CDB1-E054-4806-BC74-D989E16AFBA2}.Debug|Any CPU.ActiveCfg = Debug|Any CPU
		{3F30CDB1-E054-4806-BC74-D989E16AFBA2}.Debug|Any CPU.Build.0 = Debug|Any CPU
		{3F30CDB1-E054-4806-BC74-D989E16AFBA2}.Release|Any CPU.ActiveCfg = Release|Any CPU
		{3F30CDB1-E054-4806-BC74-D989E16AFBA2}.Release|Any CPU.Build.0 = Release|Any CPU
		{0D5DEF5C-9EE4-4A5C-8058-43828339B075}.Debug|Any CPU.ActiveCfg = Debug|Any CPU
		{0D5DEF5C-9EE4-4A5C-8058-43828339B075}.Debug|Any CPU.Build.0 = Debug|Any CPU
		{0D5DEF5C-9EE4-4A5C-8058-43828339B075}.Release|Any CPU.ActiveCfg = Release|Any CPU
		{0D5DEF5C-9EE4-4A5C-8058-43828339B075}.Release|Any CPU.Build.0 = Release|Any CPU
	EndGlobalSection
	GlobalSection(SolutionProperties) = preSolution
		HideSolutionNode = FALSE
	EndGlobalSection
	GlobalSection(NestedProjects) = preSolution
		{2653FEFC-BE69-466C-AEE0-E487AAEC4A04} = {D1074A30-DCB5-4B11-B686-07E01FD64340}
		{E917EBC6-25E8-492C-8397-2C95FEEC7515} = {D1074A30-DCB5-4B11-B686-07E01FD64340}
		{149CDBAC-6EEB-41F4-A17F-0DFDB3244425} = {D1074A30-DCB5-4B11-B686-07E01FD64340}
		{F2757B22-48AC-420D-BBBB-61F7BE3A6B2D} = {710D6E14-BBCB-454D-948F-425F4B408D01}
		{B511F26E-0019-44AB-BBA9-32E50772794E} = {710D6E14-BBCB-454D-948F-425F4B408D01}
		{1F3CE01B-CCA5-4436-AEEA-E3015861D9F2} = {1C9A5AE0-E5D1-4CBA-8466-A2C5D4B9740D}
		{DE37F631-20FC-4D15-A3D3-117599A9C4F3} = {1C9A5AE0-E5D1-4CBA-8466-A2C5D4B9740D}
		{85E93872-E0ED-4C7A-8414-049CDDF99C9B} = {1C9A5AE0-E5D1-4CBA-8466-A2C5D4B9740D}
		{8CAC73D1-FEBF-4C04-B16C-B6290C720365} = {469712AC-7572-4ED0-9282-BED13EE44E1F}
		{3F30CDB1-E054-4806-BC74-D989E16AFBA2} = {872A7537-5663-4C0A-9189-67331E0F72DD}
		{0D5DEF5C-9EE4-4A5C-8058-43828339B075} = {872A7537-5663-4C0A-9189-67331E0F72DD}
	EndGlobalSection
	GlobalSection(ExtensibilityGlobals) = postSolution
		SolutionGuid = {9799F898-4322-4633-A5EE-619849FCE243}
	EndGlobalSection
EndGlobal
